
Microsoft Visual Studio Solution File, Format Version 12.00
# Visual Studio 15
VisualStudioVersion = 15.0.26730.12
MinimumVisualStudioVersion = 10.0.40219.1
Project("{FAE04EC0-301F-11D3-BF4B-00C04F79EFBC}") = "Graph Test", "Graph Test\Graph Test.csproj", "{B93C5A0F-3326-4969-AC68-35FF21F15567}"
EndProject
Global
	GlobalSection(SolutionConfigurationPlatforms) = preSolution
		Debug|Any CPU = Debug|Any CPU
		Release|Any CPU = Release|Any CPU
	EndGlobalSection
	GlobalSection(ProjectConfigurationPlatforms) = postSolution
		{B93C5A0F-3326-4969-AC68-35FF21F15567}.Debug|Any CPU.ActiveCfg = Debug|Any CPU
		{B93C5A0F-3326-4969-AC68-35FF21F15567}.Debug|Any CPU.Build.0 = Debug|Any CPU
		{B93C5A0F-3326-4969-AC68-35FF21F15567}.Release|Any CPU.ActiveCfg = Release|Any CPU
		{B93C5A0F-3326-4969-AC68-35FF21F15567}.Release|Any CPU.Build.0 = Release|Any CPU
	EndGlobalSection
	GlobalSection(SolutionProperties) = preSolution
		HideSolutionNode = FALSE
	EndGlobalSection
	GlobalSection(ExtensibilityGlobals) = postSolution
		SolutionGuid = {3BD09E2C-A639-4B99-91F8-907E6A20EA23}
	EndGlobalSection
EndGlobal
